// !$*UTF8*$!
{
	archiveVersion = 1;
	classes = {
	};
	objectVersion = 51;
	objects = {

/* Begin PBXBuildFile section */
		2E0976F2CC99325435B51511 /* libPods-brInstagram.a in Frameworks */ = {isa = PBXBuildFile; fileRef = 6A106CC7C4BFD87A19D3FFA0 /* libPods-brInstagram.a */; };
		7FD5502C24B4C06000D37937 /* AppDelegate.m in Sources */ = {isa = PBXBuildFile; fileRef = 7FD5502B24B4C06000D37937 /* AppDelegate.m */; };
		7FD5502F24B4C06000D37937 /* SceneDelegate.m in Sources */ = {isa = PBXBuildFile; fileRef = 7FD5502E24B4C06000D37937 /* SceneDelegate.m */; };
		7FD5503524B4C06000D37937 /* Main.storyboard in Resources */ = {isa = PBXBuildFile; fileRef = 7FD5503324B4C06000D37937 /* Main.storyboard */; };
		7FD5503724B4C06100D37937 /* Assets.xcassets in Resources */ = {isa = PBXBuildFile; fileRef = 7FD5503624B4C06100D37937 /* Assets.xcassets */; };
		7FD5503A24B4C06100D37937 /* LaunchScreen.storyboard in Resources */ = {isa = PBXBuildFile; fileRef = 7FD5503824B4C06100D37937 /* LaunchScreen.storyboard */; };
		7FD5503D24B4C06100D37937 /* main.m in Sources */ = {isa = PBXBuildFile; fileRef = 7FD5503C24B4C06100D37937 /* main.m */; };
		7FD5504724B4C06100D37937 /* brInstagramTests.m in Sources */ = {isa = PBXBuildFile; fileRef = 7FD5504624B4C06100D37937 /* brInstagramTests.m */; };
		7FD5505224B4C06100D37937 /* brInstagramUITests.m in Sources */ = {isa = PBXBuildFile; fileRef = 7FD5505124B4C06100D37937 /* brInstagramUITests.m */; };
		7FD5506224B4E33F00D37937 /* LoginViewController.m in Sources */ = {isa = PBXBuildFile; fileRef = 7FD5506124B4E33F00D37937 /* LoginViewController.m */; };
		7FD5506524B4E9C400D37937 /* FeedViewController.m in Sources */ = {isa = PBXBuildFile; fileRef = 7FD5506424B4E9C400D37937 /* FeedViewController.m */; };
/* End PBXBuildFile section */

/* Begin PBXContainerItemProxy section */
		7FD5504324B4C06100D37937 /* PBXContainerItemProxy */ = {
			isa = PBXContainerItemProxy;
			containerPortal = 7FD5501F24B4C06000D37937 /* Project object */;
			proxyType = 1;
			remoteGlobalIDString = 7FD5502624B4C06000D37937;
			remoteInfo = brInstagram;
		};
		7FD5504E24B4C06100D37937 /* PBXContainerItemProxy */ = {
			isa = PBXContainerItemProxy;
			containerPortal = 7FD5501F24B4C06000D37937 /* Project object */;
			proxyType = 1;
			remoteGlobalIDString = 7FD5502624B4C06000D37937;
			remoteInfo = brInstagram;
		};
/* End PBXContainerItemProxy section */

/* Begin PBXFileReference section */
		3955A2E6FA0991B0F5BDE554 /* Pods-brInstagram.release.xcconfig */ = {isa = PBXFileReference; includeInIndex = 1; lastKnownFileType = text.xcconfig; name = "Pods-brInstagram.release.xcconfig"; path = "Target Support Files/Pods-brInstagram/Pods-brInstagram.release.xcconfig"; sourceTree = "<group>"; };
		6A106CC7C4BFD87A19D3FFA0 /* libPods-brInstagram.a */ = {isa = PBXFileReference; explicitFileType = archive.ar; includeInIndex = 0; path = "libPods-brInstagram.a"; sourceTree = BUILT_PRODUCTS_DIR; };
		7FD5502724B4C06000D37937 /* brInstagram.app */ = {isa = PBXFileReference; explicitFileType = wrapper.application; includeInIndex = 0; path = brInstagram.app; sourceTree = BUILT_PRODUCTS_DIR; };
		7FD5502A24B4C06000D37937 /* AppDelegate.h */ = {isa = PBXFileReference; lastKnownFileType = sourcecode.c.h; path = AppDelegate.h; sourceTree = "<group>"; };
		7FD5502B24B4C06000D37937 /* AppDelegate.m */ = {isa = PBXFileReference; lastKnownFileType = sourcecode.c.objc; path = AppDelegate.m; sourceTree = "<group>"; };
		7FD5502D24B4C06000D37937 /* SceneDelegate.h */ = {isa = PBXFileReference; lastKnownFileType = sourcecode.c.h; path = SceneDelegate.h; sourceTree = "<group>"; };
		7FD5502E24B4C06000D37937 /* SceneDelegate.m */ = {isa = PBXFileReference; lastKnownFileType = sourcecode.c.objc; path = SceneDelegate.m; sourceTree = "<group>"; };
		7FD5503424B4C06000D37937 /* Base */ = {isa = PBXFileReference; lastKnownFileType = file.storyboard; name = Base; path = Base.lproj/Main.storyboard; sourceTree = "<group>"; };
		7FD5503624B4C06100D37937 /* Assets.xcassets */ = {isa = PBXFileReference; lastKnownFileType = folder.assetcatalog; path = Assets.xcassets; sourceTree = "<group>"; };
		7FD5503924B4C06100D37937 /* Base */ = {isa = PBXFileReference; lastKnownFileType = file.storyboard; name = Base; path = Base.lproj/LaunchScreen.storyboard; sourceTree = "<group>"; };
		7FD5503B24B4C06100D37937 /* Info.plist */ = {isa = PBXFileReference; lastKnownFileType = text.plist.xml; path = Info.plist; sourceTree = "<group>"; };
		7FD5503C24B4C06100D37937 /* main.m */ = {isa = PBXFileReference; lastKnownFileType = sourcecode.c.objc; path = main.m; sourceTree = "<group>"; };
		7FD5504224B4C06100D37937 /* brInstagramTests.xctest */ = {isa = PBXFileReference; explicitFileType = wrapper.cfbundle; includeInIndex = 0; path = brInstagramTests.xctest; sourceTree = BUILT_PRODUCTS_DIR; };
		7FD5504624B4C06100D37937 /* brInstagramTests.m */ = {isa = PBXFileReference; lastKnownFileType = sourcecode.c.objc; path = brInstagramTests.m; sourceTree = "<group>"; };
		7FD5504824B4C06100D37937 /* Info.plist */ = {isa = PBXFileReference; lastKnownFileType = text.plist.xml; path = Info.plist; sourceTree = "<group>"; };
		7FD5504D24B4C06100D37937 /* brInstagramUITests.xctest */ = {isa = PBXFileReference; explicitFileType = wrapper.cfbundle; includeInIndex = 0; path = brInstagramUITests.xctest; sourceTree = BUILT_PRODUCTS_DIR; };
		7FD5505124B4C06100D37937 /* brInstagramUITests.m */ = {isa = PBXFileReference; lastKnownFileType = sourcecode.c.objc; path = brInstagramUITests.m; sourceTree = "<group>"; };
		7FD5505324B4C06100D37937 /* Info.plist */ = {isa = PBXFileReference; lastKnownFileType = text.plist.xml; path = Info.plist; sourceTree = "<group>"; };
		7FD5506024B4E33F00D37937 /* LoginViewController.h */ = {isa = PBXFileReference; lastKnownFileType = sourcecode.c.h; path = LoginViewController.h; sourceTree = "<group>"; };
		7FD5506124B4E33F00D37937 /* LoginViewController.m */ = {isa = PBXFileReference; lastKnownFileType = sourcecode.c.objc; path = LoginViewController.m; sourceTree = "<group>"; };
		7FD5506324B4E9C400D37937 /* FeedViewController.h */ = {isa = PBXFileReference; lastKnownFileType = sourcecode.c.h; path = FeedViewController.h; sourceTree = "<group>"; };
		7FD5506424B4E9C400D37937 /* FeedViewController.m */ = {isa = PBXFileReference; lastKnownFileType = sourcecode.c.objc; path = FeedViewController.m; sourceTree = "<group>"; };
		B4A26FB7D13311D4E87DF0D1 /* Pods-brInstagram.debug.xcconfig */ = {isa = PBXFileReference; includeInIndex = 1; lastKnownFileType = text.xcconfig; name = "Pods-brInstagram.debug.xcconfig"; path = "Target Support Files/Pods-brInstagram/Pods-brInstagram.debug.xcconfig"; sourceTree = "<group>"; };
/* End PBXFileReference section */

/* Begin PBXFrameworksBuildPhase section */
		7FD5502424B4C06000D37937 /* Frameworks */ = {
			isa = PBXFrameworksBuildPhase;
			buildActionMask = 2147483647;
			files = (
				2E0976F2CC99325435B51511 /* libPods-brInstagram.a in Frameworks */,
			);
			runOnlyForDeploymentPostprocessing = 0;
		};
		7FD5503F24B4C06100D37937 /* Frameworks */ = {
			isa = PBXFrameworksBuildPhase;
			buildActionMask = 2147483647;
			files = (
			);
			runOnlyForDeploymentPostprocessing = 0;
		};
		7FD5504A24B4C06100D37937 /* Frameworks */ = {
			isa = PBXFrameworksBuildPhase;
			buildActionMask = 2147483647;
			files = (
			);
			runOnlyForDeploymentPostprocessing = 0;
		};
/* End PBXFrameworksBuildPhase section */

/* Begin PBXGroup section */
		5D0310EB95D46F190A8D2511 /* Pods */ = {
			isa = PBXGroup;
			children = (
				B4A26FB7D13311D4E87DF0D1 /* Pods-brInstagram.debug.xcconfig */,
				3955A2E6FA0991B0F5BDE554 /* Pods-brInstagram.release.xcconfig */,
			);
			path = Pods;
			sourceTree = "<group>";
		};
		7FD5501E24B4C06000D37937 = {
			isa = PBXGroup;
			children = (
				7FD5505F24B4E31300D37937 /* View Controllers */,
				7FD5502924B4C06000D37937 /* brInstagram */,
				7FD5504524B4C06100D37937 /* brInstagramTests */,
				7FD5505024B4C06100D37937 /* brInstagramUITests */,
				7FD5502824B4C06000D37937 /* Products */,
				5D0310EB95D46F190A8D2511 /* Pods */,
				A3CBB8E307D258F66037E496 /* Frameworks */,
			);
			sourceTree = "<group>";
		};
		7FD5502824B4C06000D37937 /* Products */ = {
			isa = PBXGroup;
			children = (
				7FD5502724B4C06000D37937 /* brInstagram.app */,
				7FD5504224B4C06100D37937 /* brInstagramTests.xctest */,
				7FD5504D24B4C06100D37937 /* brInstagramUITests.xctest */,
			);
			name = Products;
			sourceTree = "<group>";
		};
		7FD5502924B4C06000D37937 /* brInstagram */ = {
			isa = PBXGroup;
			children = (
				7FD5502A24B4C06000D37937 /* AppDelegate.h */,
				7FD5502B24B4C06000D37937 /* AppDelegate.m */,
				7FD5502D24B4C06000D37937 /* SceneDelegate.h */,
				7FD5502E24B4C06000D37937 /* SceneDelegate.m */,
				7FD5503324B4C06000D37937 /* Main.storyboard */,
				7FD5503624B4C06100D37937 /* Assets.xcassets */,
				7FD5503824B4C06100D37937 /* LaunchScreen.storyboard */,
				7FD5503B24B4C06100D37937 /* Info.plist */,
				7FD5503C24B4C06100D37937 /* main.m */,
			);
			path = brInstagram;
			sourceTree = "<group>";
		};
		7FD5504524B4C06100D37937 /* brInstagramTests */ = {
			isa = PBXGroup;
			children = (
				7FD5504624B4C06100D37937 /* brInstagramTests.m */,
				7FD5504824B4C06100D37937 /* Info.plist */,
			);
			path = brInstagramTests;
			sourceTree = "<group>";
		};
		7FD5505024B4C06100D37937 /* brInstagramUITests */ = {
			isa = PBXGroup;
			children = (
				7FD5505124B4C06100D37937 /* brInstagramUITests.m */,
				7FD5505324B4C06100D37937 /* Info.plist */,
			);
			path = brInstagramUITests;
			sourceTree = "<group>";
		};
		7FD5505F24B4E31300D37937 /* View Controllers */ = {
			isa = PBXGroup;
			children = (
				7FD5506024B4E33F00D37937 /* LoginViewController.h */,
				7FD5506124B4E33F00D37937 /* LoginViewController.m */,
				7FD5506324B4E9C400D37937 /* FeedViewController.h */,
				7FD5506424B4E9C400D37937 /* FeedViewController.m */,
			);
			path = "View Controllers";
			sourceTree = "<group>";
		};
		A3CBB8E307D258F66037E496 /* Frameworks */ = {
			isa = PBXGroup;
			children = (
				6A106CC7C4BFD87A19D3FFA0 /* libPods-brInstagram.a */,
			);
			name = Frameworks;
			sourceTree = "<group>";
		};
/* End PBXGroup section */

/* Begin PBXNativeTarget section */
		7FD5502624B4C06000D37937 /* brInstagram */ = {
			isa = PBXNativeTarget;
			buildConfigurationList = 7FD5505624B4C06100D37937 /* Build configuration list for PBXNativeTarget "brInstagram" */;
			buildPhases = (
				AB019C1C433ABE72AE491F68 /* [CP] Check Pods Manifest.lock */,
				7FD5502324B4C06000D37937 /* Sources */,
				7FD5502424B4C06000D37937 /* Frameworks */,
				7FD5502524B4C06000D37937 /* Resources */,
				691BF494D8434C9900F2B797 /* [CP] Copy Pods Resources */,
			);
			buildRules = (
			);
			dependencies = (
			);
			name = brInstagram;
			productName = brInstagram;
			productReference = 7FD5502724B4C06000D37937 /* brInstagram.app */;
			productType = "com.apple.product-type.application";
		};
		7FD5504124B4C06100D37937 /* brInstagramTests */ = {
			isa = PBXNativeTarget;
			buildConfigurationList = 7FD5505924B4C06100D37937 /* Build configuration list for PBXNativeTarget "brInstagramTests" */;
			buildPhases = (
				7FD5503E24B4C06100D37937 /* Sources */,
				7FD5503F24B4C06100D37937 /* Frameworks */,
				7FD5504024B4C06100D37937 /* Resources */,
			);
			buildRules = (
			);
			dependencies = (
				7FD5504424B4C06100D37937 /* PBXTargetDependency */,
			);
			name = brInstagramTests;
			productName = brInstagramTests;
			productReference = 7FD5504224B4C06100D37937 /* brInstagramTests.xctest */;
			productType = "com.apple.product-type.bundle.unit-test";
		};
		7FD5504C24B4C06100D37937 /* brInstagramUITests */ = {
			isa = PBXNativeTarget;
			buildConfigurationList = 7FD5505C24B4C06100D37937 /* Build configuration list for PBXNativeTarget "brInstagramUITests" */;
			buildPhases = (
				7FD5504924B4C06100D37937 /* Sources */,
				7FD5504A24B4C06100D37937 /* Frameworks */,
				7FD5504B24B4C06100D37937 /* Resources */,
			);
			buildRules = (
			);
			dependencies = (
				7FD5504F24B4C06100D37937 /* PBXTargetDependency */,
			);
			name = brInstagramUITests;
			productName = brInstagramUITests;
			productReference = 7FD5504D24B4C06100D37937 /* brInstagramUITests.xctest */;
			productType = "com.apple.product-type.bundle.ui-testing";
		};
/* End PBXNativeTarget section */

/* Begin PBXProject section */
		7FD5501F24B4C06000D37937 /* Project object */ = {
			isa = PBXProject;
			attributes = {
				LastUpgradeCheck = 1150;
				ORGANIZATIONNAME = brm14;
				TargetAttributes = {
					7FD5502624B4C06000D37937 = {
						CreatedOnToolsVersion = 11.5;
					};
					7FD5504124B4C06100D37937 = {
						CreatedOnToolsVersion = 11.5;
						TestTargetID = 7FD5502624B4C06000D37937;
					};
					7FD5504C24B4C06100D37937 = {
						CreatedOnToolsVersion = 11.5;
						TestTargetID = 7FD5502624B4C06000D37937;
					};
				};
			};
			buildConfigurationList = 7FD5502224B4C06000D37937 /* Build configuration list for PBXProject "brInstagram" */;
			compatibilityVersion = "Xcode 9.3";
			developmentRegion = en;
			hasScannedForEncodings = 0;
			knownRegions = (
				en,
				Base,
			);
			mainGroup = 7FD5501E24B4C06000D37937;
			productRefGroup = 7FD5502824B4C06000D37937 /* Products */;
			projectDirPath = "";
			projectRoot = "";
			targets = (
				7FD5502624B4C06000D37937 /* brInstagram */,
				7FD5504124B4C06100D37937 /* brInstagramTests */,
				7FD5504C24B4C06100D37937 /* brInstagramUITests */,
			);
		};
/* End PBXProject section */

/* Begin PBXResourcesBuildPhase section */
		7FD5502524B4C06000D37937 /* Resources */ = {
			isa = PBXResourcesBuildPhase;
			buildActionMask = 2147483647;
			files = (
				7FD5503A24B4C06100D37937 /* LaunchScreen.storyboard in Resources */,
				7FD5503724B4C06100D37937 /* Assets.xcassets in Resources */,
				7FD5503524B4C06000D37937 /* Main.storyboard in Resources */,
			);
			runOnlyForDeploymentPostprocessing = 0;
		};
		7FD5504024B4C06100D37937 /* Resources */ = {
			isa = PBXResourcesBuildPhase;
			buildActionMask = 2147483647;
			files = (
			);
			runOnlyForDeploymentPostprocessing = 0;
		};
		7FD5504B24B4C06100D37937 /* Resources */ = {
			isa = PBXResourcesBuildPhase;
			buildActionMask = 2147483647;
			files = (
			);
			runOnlyForDeploymentPostprocessing = 0;
		};
/* End PBXResourcesBuildPhase section */

/* Begin PBXShellScriptBuildPhase section */
		691BF494D8434C9900F2B797 /* [CP] Copy Pods Resources */ = {
			isa = PBXShellScriptBuildPhase;
			buildActionMask = 2147483647;
			files = (
			);
			inputFileListPaths = (
				"${PODS_ROOT}/Target Support Files/Pods-brInstagram/Pods-brInstagram-resources-${CONFIGURATION}-input-files.xcfilelist",
			);
			name = "[CP] Copy Pods Resources";
			outputFileListPaths = (
				"${PODS_ROOT}/Target Support Files/Pods-brInstagram/Pods-brInstagram-resources-${CONFIGURATION}-output-files.xcfilelist",
			);
			runOnlyForDeploymentPostprocessing = 0;
			shellPath = /bin/sh;
			shellScript = "\"${PODS_ROOT}/Target Support Files/Pods-brInstagram/Pods-brInstagram-resources.sh\"\n";
			showEnvVarsInLog = 0;
		};
		AB019C1C433ABE72AE491F68 /* [CP] Check Pods Manifest.lock */ = {
			isa = PBXShellScriptBuildPhase;
			buildActionMask = 2147483647;
			files = (
			);
			inputFileListPaths = (
			);
			inputPaths = (
				"${PODS_PODFILE_DIR_PATH}/Podfile.lock",
				"${PODS_ROOT}/Manifest.lock",
			);
			name = "[CP] Check Pods Manifest.lock";
			outputFileListPaths = (
			);
			outputPaths = (
				"$(DERIVED_FILE_DIR)/Pods-brInstagram-checkManifestLockResult.txt",
			);
			runOnlyForDeploymentPostprocessing = 0;
			shellPath = /bin/sh;
			shellScript = "diff \"${PODS_PODFILE_DIR_PATH}/Podfile.lock\" \"${PODS_ROOT}/Manifest.lock\" > /dev/null\nif [ $? != 0 ] ; then\n    # print error to STDERR\n    echo \"error: The sandbox is not in sync with the Podfile.lock. Run 'pod install' or update your CocoaPods installation.\" >&2\n    exit 1\nfi\n# This output is used by Xcode 'outputs' to avoid re-running this script phase.\necho \"SUCCESS\" > \"${SCRIPT_OUTPUT_FILE_0}\"\n";
			showEnvVarsInLog = 0;
		};
/* End PBXShellScriptBuildPhase section */

/* Begin PBXSourcesBuildPhase section */
		7FD5502324B4C06000D37937 /* Sources */ = {
			isa = PBXSourcesBuildPhase;
			buildActionMask = 2147483647;
			files = (
				7FD5502C24B4C06000D37937 /* AppDelegate.m in Sources */,
				7FD5506524B4E9C400D37937 /* FeedViewController.m in Sources */,
				7FD5503D24B4C06100D37937 /* main.m in Sources */,
				7FD5502F24B4C06000D37937 /* SceneDelegate.m in Sources */,
				7FD5506224B4E33F00D37937 /* LoginViewController.m in Sources */,
			);
			runOnlyForDeploymentPostprocessing = 0;
		};
		7FD5503E24B4C06100D37937 /* Sources */ = {
			isa = PBXSourcesBuildPhase;
			buildActionMask = 2147483647;
			files = (
				7FD5504724B4C06100D37937 /* brInstagramTests.m in Sources */,
			);
			runOnlyForDeploymentPostprocessing = 0;
		};
		7FD5504924B4C06100D37937 /* Sources */ = {
			isa = PBXSourcesBuildPhase;
			buildActionMask = 2147483647;
			files = (
				7FD5505224B4C06100D37937 /* brInstagramUITests.m in Sources */,
			);
			runOnlyForDeploymentPostprocessing = 0;
		};
/* End PBXSourcesBuildPhase section */

/* Begin PBXTargetDependency section */
		7FD5504424B4C06100D37937 /* PBXTargetDependency */ = {
			isa = PBXTargetDependency;
			target = 7FD5502624B4C06000D37937 /* brInstagram */;
			targetProxy = 7FD5504324B4C06100D37937 /* PBXContainerItemProxy */;
		};
		7FD5504F24B4C06100D37937 /* PBXTargetDependency */ = {
			isa = PBXTargetDependency;
			target = 7FD5502624B4C06000D37937 /* brInstagram */;
			targetProxy = 7FD5504E24B4C06100D37937 /* PBXContainerItemProxy */;
		};
/* End PBXTargetDependency section */

/* Begin PBXVariantGroup section */
		7FD5503324B4C06000D37937 /* Main.storyboard */ = {
			isa = PBXVariantGroup;
			children = (
				7FD5503424B4C06000D37937 /* Base */,
			);
			name = Main.storyboard;
			sourceTree = "<group>";
		};
		7FD5503824B4C06100D37937 /* LaunchScreen.storyboard */ = {
			isa = PBXVariantGroup;
			children = (
				7FD5503924B4C06100D37937 /* Base */,
			);
			name = LaunchScreen.storyboard;
			sourceTree = "<group>";
		};
/* End PBXVariantGroup section */

/* Begin XCBuildConfiguration section */
		7FD5505424B4C06100D37937 /* Debug */ = {
			isa = XCBuildConfiguration;
			buildSettings = {
				ALWAYS_SEARCH_USER_PATHS = NO;
				CLANG_ANALYZER_NONNULL = YES;
				CLANG_ANALYZER_NUMBER_OBJECT_CONVERSION = YES_AGGRESSIVE;
				CLANG_CXX_LANGUAGE_STANDARD = "gnu++14";
				CLANG_CXX_LIBRARY = "libc++";
				CLANG_ENABLE_MODULES = YES;
				CLANG_ENABLE_OBJC_ARC = YES;
				CLANG_ENABLE_OBJC_WEAK = YES;
				CLANG_WARN_BLOCK_CAPTURE_AUTORELEASING = YES;
				CLANG_WARN_BOOL_CONVERSION = YES;
				CLANG_WARN_COMMA = YES;
				CLANG_WARN_CONSTANT_CONVERSION = YES;
				CLANG_WARN_DEPRECATED_OBJC_IMPLEMENTATIONS = YES;
				CLANG_WARN_DIRECT_OBJC_ISA_USAGE = YES_ERROR;
				CLANG_WARN_DOCUMENTATION_COMMENTS = YES;
				CLANG_WARN_EMPTY_BODY = YES;
				CLANG_WARN_ENUM_CONVERSION = YES;
				CLANG_WARN_INFINITE_RECURSION = YES;
				CLANG_WARN_INT_CONVERSION = YES;
				CLANG_WARN_NON_LITERAL_NULL_CONVERSION = YES;
				CLANG_WARN_OBJC_IMPLICIT_RETAIN_SELF = YES;
				CLANG_WARN_OBJC_LITERAL_CONVERSION = YES;
				CLANG_WARN_OBJC_ROOT_CLASS = YES_ERROR;
				CLANG_WARN_RANGE_LOOP_ANALYSIS = YES;
				CLANG_WARN_STRICT_PROTOTYPES = YES;
				CLANG_WARN_SUSPICIOUS_MOVE = YES;
				CLANG_WARN_UNGUARDED_AVAILABILITY = YES_AGGRESSIVE;
				CLANG_WARN_UNREACHABLE_CODE = YES;
				CLANG_WARN__DUPLICATE_METHOD_MATCH = YES;
				COPY_PHASE_STRIP = NO;
				DEBUG_INFORMATION_FORMAT = dwarf;
				ENABLE_STRICT_OBJC_MSGSEND = YES;
				ENABLE_TESTABILITY = YES;
				GCC_C_LANGUAGE_STANDARD = gnu11;
				GCC_DYNAMIC_NO_PIC = NO;
				GCC_NO_COMMON_BLOCKS = YES;
				GCC_OPTIMIZATION_LEVEL = 0;
				GCC_PREPROCESSOR_DEFINITIONS = (
					"DEBUG=1",
					"$(inherited)",
				);
				GCC_WARN_64_TO_32_BIT_CONVERSION = YES;
				GCC_WARN_ABOUT_RETURN_TYPE = YES_ERROR;
				GCC_WARN_UNDECLARED_SELECTOR = YES;
				GCC_WARN_UNINITIALIZED_AUTOS = YES_AGGRESSIVE;
				GCC_WARN_UNUSED_FUNCTION = YES;
				GCC_WARN_UNUSED_VARIABLE = YES;
				IPHONEOS_DEPLOYMENT_TARGET = 13.5;
				MTL_ENABLE_DEBUG_INFO = INCLUDE_SOURCE;
				MTL_FAST_MATH = YES;
				ONLY_ACTIVE_ARCH = YES;
				SDKROOT = iphoneos;
			};
			name = Debug;
		};
		7FD5505524B4C06100D37937 /* Release */ = {
			isa = XCBuildConfiguration;
			buildSettings = {
				ALWAYS_SEARCH_USER_PATHS = NO;
				CLANG_ANALYZER_NONNULL = YES;
				CLANG_ANALYZER_NUMBER_OBJECT_CONVERSION = YES_AGGRESSIVE;
				CLANG_CXX_LANGUAGE_STANDARD = "gnu++14";
				CLANG_CXX_LIBRARY = "libc++";
				CLANG_ENABLE_MODULES = YES;
				CLANG_ENABLE_OBJC_ARC = YES;
				CLANG_ENABLE_OBJC_WEAK = YES;
				CLANG_WARN_BLOCK_CAPTURE_AUTORELEASING = YES;
				CLANG_WARN_BOOL_CONVERSION = YES;
				CLANG_WARN_COMMA = YES;
				CLANG_WARN_CONSTANT_CONVERSION = YES;
				CLANG_WARN_DEPRECATED_OBJC_IMPLEMENTATIONS = YES;
				CLANG_WARN_DIRECT_OBJC_ISA_USAGE = YES_ERROR;
				CLANG_WARN_DOCUMENTATION_COMMENTS = YES;
				CLANG_WARN_EMPTY_BODY = YES;
				CLANG_WARN_ENUM_CONVERSION = YES;
				CLANG_WARN_INFINITE_RECURSION = YES;
				CLANG_WARN_INT_CONVERSION = YES;
				CLANG_WARN_NON_LITERAL_NULL_CONVERSION = YES;
				CLANG_WARN_OBJC_IMPLICIT_RETAIN_SELF = YES;
				CLANG_WARN_OBJC_LITERAL_CONVERSION = YES;
				CLANG_WARN_OBJC_ROOT_CLASS = YES_ERROR;
				CLANG_WARN_RANGE_LOOP_ANALYSIS = YES;
				CLANG_WARN_STRICT_PROTOTYPES = YES;
				CLANG_WARN_SUSPICIOUS_MOVE = YES;
				CLANG_WARN_UNGUARDED_AVAILABILITY = YES_AGGRESSIVE;
				CLANG_WARN_UNREACHABLE_CODE = YES;
				CLANG_WARN__DUPLICATE_METHOD_MATCH = YES;
				COPY_PHASE_STRIP = NO;
				DEBUG_INFORMATION_FORMAT = "dwarf-with-dsym";
				ENABLE_NS_ASSERTIONS = NO;
				ENABLE_STRICT_OBJC_MSGSEND = YES;
				GCC_C_LANGUAGE_STANDARD = gnu11;
				GCC_NO_COMMON_BLOCKS = YES;
				GCC_WARN_64_TO_32_BIT_CONVERSION = YES;
				GCC_WARN_ABOUT_RETURN_TYPE = YES_ERROR;
				GCC_WARN_UNDECLARED_SELECTOR = YES;
				GCC_WARN_UNINITIALIZED_AUTOS = YES_AGGRESSIVE;
				GCC_WARN_UNUSED_FUNCTION = YES;
				GCC_WARN_UNUSED_VARIABLE = YES;
				IPHONEOS_DEPLOYMENT_TARGET = 13.5;
				MTL_ENABLE_DEBUG_INFO = NO;
				MTL_FAST_MATH = YES;
				SDKROOT = iphoneos;
				VALIDATE_PRODUCT = YES;
			};
			name = Release;
		};
		7FD5505724B4C06100D37937 /* Debug */ = {
			isa = XCBuildConfiguration;
			baseConfigurationReference = B4A26FB7D13311D4E87DF0D1 /* Pods-brInstagram.debug.xcconfig */;
			buildSettings = {
				ASSETCATALOG_COMPILER_APPICON_NAME = AppIcon;
				CODE_SIGN_STYLE = Automatic;
				INFOPLIST_FILE = brInstagram/Info.plist;
				LD_RUNPATH_SEARCH_PATHS = (
					"$(inherited)",
					"@executable_path/Frameworks",
				);
				PRODUCT_BUNDLE_IDENTIFIER = brm14.brInstagram;
				PRODUCT_NAME = "$(TARGET_NAME)";
				TARGETED_DEVICE_FAMILY = "1,2";
			};
			name = Debug;
		};
		7FD5505824B4C06100D37937 /* Release */ = {
			isa = XCBuildConfiguration;
			baseConfigurationReference = 3955A2E6FA0991B0F5BDE554 /* Pods-brInstagram.release.xcconfig */;
			buildSettings = {
				ASSETCATALOG_COMPILER_APPICON_NAME = AppIcon;
				CODE_SIGN_STYLE = Automatic;
				INFOPLIST_FILE = brInstagram/Info.plist;
				LD_RUNPATH_SEARCH_PATHS = (
					"$(inherited)",
					"@executable_path/Frameworks",
				);
				PRODUCT_BUNDLE_IDENTIFIER = brm14.brInstagram;
				PRODUCT_NAME = "$(TARGET_NAME)";
				TARGETED_DEVICE_FAMILY = "1,2";
			};
			name = Release;
		};
		7FD5505A24B4C06100D37937 /* Debug */ = {
			isa = XCBuildConfiguration;
			buildSettings = {
				BUNDLE_LOADER = "$(TEST_HOST)";
				CODE_SIGN_STYLE = Automatic;
				INFOPLIST_FILE = brInstagramTests/Info.plist;
				IPHONEOS_DEPLOYMENT_TARGET = 13.5;
				LD_RUNPATH_SEARCH_PATHS = (
					"$(inherited)",
					"@executable_path/Frameworks",
					"@loader_path/Frameworks",
				);
				PRODUCT_BUNDLE_IDENTIFIER = brm14.brInstagramTests;
				PRODUCT_NAME = "$(TARGET_NAME)";
				TARGETED_DEVICE_FAMILY = "1,2";
				TEST_HOST = "$(BUILT_PRODUCTS_DIR)/brInstagram.app/brInstagram";
			};
			name = Debug;
		};
		7FD5505B24B4C06100D37937 /* Release */ = {
			isa = XCBuildConfiguration;
			buildSettings = {
				BUNDLE_LOADER = "$(TEST_HOST)";
				CODE_SIGN_STYLE = Automatic;
				INFOPLIST_FILE = brInstagramTests/Info.plist;
				IPHONEOS_DEPLOYMENT_TARGET = 13.5;
				LD_RUNPATH_SEARCH_PATHS = (
					"$(inherited)",
					"@executable_path/Frameworks",
					"@loader_path/Frameworks",
				);
				PRODUCT_BUNDLE_IDENTIFIER = brm14.brInstagramTests;
				PRODUCT_NAME = "$(TARGET_NAME)";
				TARGETED_DEVICE_FAMILY = "1,2";
				TEST_HOST = "$(BUILT_PRODUCTS_DIR)/brInstagram.app/brInstagram";
			};
			name = Release;
		};
		7FD5505D24B4C06100D37937 /* Debug */ = {
			isa = XCBuildConfiguration;
			buildSettings = {
				CODE_SIGN_STYLE = Automatic;
				INFOPLIST_FILE = brInstagramUITests/Info.plist;
				LD_RUNPATH_SEARCH_PATHS = (
					"$(inherited)",
					"@executable_path/Frameworks",
					"@loader_path/Frameworks",
				);
				PRODUCT_BUNDLE_IDENTIFIER = brm14.brInstagramUITests;
				PRODUCT_NAME = "$(TARGET_NAME)";
				TARGETED_DEVICE_FAMILY = "1,2";
				TEST_TARGET_NAME = brInstagram;
			};
			name = Debug;
		};
		7FD5505E24B4C06100D37937 /* Release */ = {
			isa = XCBuildConfiguration;
			buildSettings = {
				CODE_SIGN_STYLE = Automatic;
				INFOPLIST_FILE = brInstagramUITests/Info.plist;
				LD_RUNPATH_SEARCH_PATHS = (
					"$(inherited)",
					"@executable_path/Frameworks",
					"@loader_path/Frameworks",
				);
				PRODUCT_BUNDLE_IDENTIFIER = brm14.brInstagramUITests;
				PRODUCT_NAME = "$(TARGET_NAME)";
				TARGETED_DEVICE_FAMILY = "1,2";
				TEST_TARGET_NAME = brInstagram;
			};
			name = Release;
		};
/* End XCBuildConfiguration section */

/* Begin XCConfigurationList section */
		7FD5502224B4C06000D37937 /* Build configuration list for PBXProject "brInstagram" */ = {
			isa = XCConfigurationList;
			buildConfigurations = (
				7FD5505424B4C06100D37937 /* Debug */,
				7FD5505524B4C06100D37937 /* Release */,
			);
			defaultConfigurationIsVisible = 0;
			defaultConfigurationName = Release;
		};
		7FD5505624B4C06100D37937 /* Build configuration list for PBXNativeTarget "brInstagram" */ = {
			isa = XCConfigurationList;
			buildConfigurations = (
				7FD5505724B4C06100D37937 /* Debug */,
				7FD5505824B4C06100D37937 /* Release */,
			);
			defaultConfigurationIsVisible = 0;
			defaultConfigurationName = Release;
		};
		7FD5505924B4C06100D37937 /* Build configuration list for PBXNativeTarget "brInstagramTests" */ = {
			isa = XCConfigurationList;
			buildConfigurations = (
				7FD5505A24B4C06100D37937 /* Debug */,
				7FD5505B24B4C06100D37937 /* Release */,
			);
			defaultConfigurationIsVisible = 0;
			defaultConfigurationName = Release;
		};
		7FD5505C24B4C06100D37937 /* Build configuration list for PBXNativeTarget "brInstagramUITests" */ = {
			isa = XCConfigurationList;
			buildConfigurations = (
				7FD5505D24B4C06100D37937 /* Debug */,
				7FD5505E24B4C06100D37937 /* Release */,
			);
			defaultConfigurationIsVisible = 0;
			defaultConfigurationName = Release;
		};
/* End XCConfigurationList section */
	};
	rootObject = 7FD5501F24B4C06000D37937 /* Project object */;
}
